
Microsoft Visual Studio Solution File, Format Version 12.00
# Visual Studio Version 17
VisualStudioVersion = 17.3.32929.385
MinimumVisualStudioVersion = 10.0.40219.1
Project("{FAE04EC0-301F-11D3-BF4B-00C04F79EFBC}") = "WordGuessingGame", "WordGuessingGame\WordGuessingGame.csproj", "{EC8C3A42-91B2-494C-9C9F-CA5D5EC3363E}"
EndProject
Global
	GlobalSection(SolutionConfigurationPlatforms) = preSolution
		Debug|Any CPU = Debug|Any CPU
		Release|Any CPU = Release|Any CPU
	EndGlobalSection
	GlobalSection(ProjectConfigurationPlatforms) = postSolution
		{EC8C3A42-91B2-494C-9C9F-CA5D5EC3363E}.Debug|Any CPU.ActiveCfg = Debug|Any CPU
		{EC8C3A42-91B2-494C-9C9F-CA5D5EC3363E}.Debug|Any CPU.Build.0 = Debug|Any CPU
		{EC8C3A42-91B2-494C-9C9F-CA5D5EC3363E}.Release|Any CPU.ActiveCfg = Release|Any CPU
		{EC8C3A42-91B2-494C-9C9F-CA5D5EC3363E}.Release|Any CPU.Build.0 = Release|Any CPU
	EndGlobalSection
	GlobalSection(SolutionProperties) = preSolution
		HideSolutionNode = FALSE
	EndGlobalSection
	GlobalSection(ExtensibilityGlobals) = postSolution
		SolutionGuid = {D3679D80-19AE-45AE-A433-7D21C22BD72E}
	EndGlobalSection
EndGlobal
